// !$*UTF8*$!
{
	archiveVersion = 1;
	classes = {
	};
	objectVersion = 52;
	objects = {

/* Begin PBXBuildFile section */
		058557BB273AAA24004C7B11 /* Assets.xcassets in Resources */ = {isa = PBXBuildFile; fileRef = 058557BA273AAA24004C7B11 /* Assets.xcassets */; };
		058557D9273AAEEB004C7B11 /* Preview Assets.xcassets in Resources */ = {isa = PBXBuildFile; fileRef = 058557D8273AAEEB004C7B11 /* Preview Assets.xcassets */; };
		140BE23C2A1B5F1B006DC643 /* Lato-Bold.ttf in Resources */ = {isa = PBXBuildFile; fileRef = 140BE23A2A1B5F1B006DC643 /* Lato-Bold.ttf */; };
		140BE23D2A1B5F1B006DC643 /* Lato-Regular.ttf in Resources */ = {isa = PBXBuildFile; fileRef = 140BE23B2A1B5F1B006DC643 /* Lato-Regular.ttf */; };
		1414917129D5CB0300E05FAF /* AnimationTransformerView.swift in Sources */ = {isa = PBXBuildFile; fileRef = 1414917029D5CB0300E05FAF /* AnimationTransformerView.swift */; };
		1414917329D5CB0900E05FAF /* ExpressionView.swift in Sources */ = {isa = PBXBuildFile; fileRef = 1414917229D5CB0900E05FAF /* ExpressionView.swift */; };
		14E32E142A0E738800241750 /* FunctionsDelegateNative.swift in Sources */ = {isa = PBXBuildFile; fileRef = 14E32E132A0E738700241750 /* FunctionsDelegateNative.swift */; };
		14E59B7F2A04F64F00B83531 /* FontTransformerView.swift in Sources */ = {isa = PBXBuildFile; fileRef = 14E59B7E2A04F64F00B83531 /* FontTransformerView.swift */; };
		14E59B822A04F7DB00B83531 /* Lottie in Frameworks */ = {isa = PBXBuildFile; productRef = 14E59B812A04F7DB00B83531 /* Lottie */; };
		14F2A6792A2E7B0A00B399BA /* PARIS-OWL-rules.json in Resources */ = {isa = PBXBuildFile; fileRef = 14F2A6362A2E7B0900B399BA /* PARIS-OWL-rules.json */; };
		14F2A67A2A2E7B0A00B399BA /* PARIS-BUTTERFLY.json in Resources */ = {isa = PBXBuildFile; fileRef = 14F2A6372A2E7B0900B399BA /* PARIS-BUTTERFLY.json */; };
		14F2A67B2A2E7B0A00B399BA /* ALGIERS-FORD.json in Resources */ = {isa = PBXBuildFile; fileRef = 14F2A6382A2E7B0900B399BA /* ALGIERS-FORD.json */; };
		14F2A67C2A2E7B0A00B399BA /* BOGOTA-TOYOTA.json in Resources */ = {isa = PBXBuildFile; fileRef = 14F2A6392A2E7B0900B399BA /* BOGOTA-TOYOTA.json */; };
		14F2A67D2A2E7B0A00B399BA /* ALGIERS-PLANE-rules.json in Resources */ = {isa = PBXBuildFile; fileRef = 14F2A63A2A2E7B0900B399BA /* ALGIERS-PLANE-rules.json */; };
		14F2A67E2A2E7B0A00B399BA /* LOS_ANGELES-PLANE.json in Resources */ = {isa = PBXBuildFile; fileRef = 14F2A63B2A2E7B0900B399BA /* LOS_ANGELES-PLANE.json */; };
		14F2A67F2A2E7B0A00B399BA /* SEATTLE-PEUGEOT-rules.json in Resources */ = {isa = PBXBuildFile; fileRef = 14F2A63C2A2E7B0900B399BA /* SEATTLE-PEUGEOT-rules.json */; };
		14F2A6802A2E7B0A00B399BA /* BOGOTA-LINCOLN.json in Resources */ = {isa = PBXBuildFile; fileRef = 14F2A63D2A2E7B0900B399BA /* BOGOTA-LINCOLN.json */; };
		14F2A6812A2E7B0A00B399BA /* PARIS-OWL.json in Resources */ = {isa = PBXBuildFile; fileRef = 14F2A63E2A2E7B0900B399BA /* PARIS-OWL.json */; };
		14F2A6822A2E7B0A00B399BA /* GENEVA-FORD-rules.json in Resources */ = {isa = PBXBuildFile; fileRef = 14F2A63F2A2E7B0900B399BA /* GENEVA-FORD-rules.json */; };
		14F2A6832A2E7B0A00B399BA /* GENEVA-PEUGEOT.json in Resources */ = {isa = PBXBuildFile; fileRef = 14F2A6402A2E7B0900B399BA /* GENEVA-PEUGEOT.json */; };
		14F2A6842A2E7B0A00B399BA /* BOGOTA-MCLAREN-rules.json in Resources */ = {isa = PBXBuildFile; fileRef = 14F2A6412A2E7B0900B399BA /* BOGOTA-MCLAREN-rules.json */; };
		14F2A6852A2E7B0A00B399BA /* BALI-FORD.json in Resources */ = {isa = PBXBuildFile; fileRef = 14F2A6422A2E7B0900B399BA /* BALI-FORD.json */; };
		14F2A6862A2E7B0A00B399BA /* BOGOTA-VECTOR-rules.json in Resources */ = {isa = PBXBuildFile; fileRef = 14F2A6432A2E7B0900B399BA /* BOGOTA-VECTOR-rules.json */; };
		14F2A6872A2E7B0A00B399BA /* BALI-PLANE-rules.json in Resources */ = {isa = PBXBuildFile; fileRef = 14F2A6442A2E7B0900B399BA /* BALI-PLANE-rules.json */; };
		14F2A6882A2E7B0A00B399BA /* BOGOTA-TOYOTA-rules.json in Resources */ = {isa = PBXBuildFile; fileRef = 14F2A6452A2E7B0900B399BA /* BOGOTA-TOYOTA-rules.json */; };
		14F2A6892A2E7B0A00B399BA /* LOS_ANGELES-FORD.json in Resources */ = {isa = PBXBuildFile; fileRef = 14F2A6462A2E7B0900B399BA /* LOS_ANGELES-FORD.json */; };
		14F2A68A2A2E7B0A00B399BA /* LOS_ANGELES-PLANE-rules.json in Resources */ = {isa = PBXBuildFile; fileRef = 14F2A6472A2E7B0900B399BA /* LOS_ANGELES-PLANE-rules.json */; };
		14F2A68B2A2E7B0A00B399BA /* BERLIN-FORD-rules.json in Resources */ = {isa = PBXBuildFile; fileRef = 14F2A6482A2E7B0900B399BA /* BERLIN-FORD-rules.json */; };
		14F2A68C2A2E7B0A00B399BA /* SEATTLE-FORD.json in Resources */ = {isa = PBXBuildFile; fileRef = 14F2A6492A2E7B0900B399BA /* SEATTLE-FORD.json */; };
		14F2A68D2A2E7B0A00B399BA /* GENEVA-PEUGEOT-rules.json in Resources */ = {isa = PBXBuildFile; fileRef = 14F2A64A2A2E7B0900B399BA /* GENEVA-PEUGEOT-rules.json */; };
		14F2A68E2A2E7B0A00B399BA /* GENEVA-PLANE.json in Resources */ = {isa = PBXBuildFile; fileRef = 14F2A64B2A2E7B0900B399BA /* GENEVA-PLANE.json */; };
		14F2A68F2A2E7B0A00B399BA /* BERLIN-PEUGEOT-rules.json in Resources */ = {isa = PBXBuildFile; fileRef = 14F2A64C2A2E7B0900B399BA /* BERLIN-PEUGEOT-rules.json */; };
		14F2A6902A2E7B0A00B399BA /* SEATTLE-PEUGEOT.json in Resources */ = {isa = PBXBuildFile; fileRef = 14F2A64D2A2E7B0900B399BA /* SEATTLE-PEUGEOT.json */; };
		14F2A6912A2E7B0A00B399BA /* BALI-FORD-rules.json in Resources */ = {isa = PBXBuildFile; fileRef = 14F2A64E2A2E7B0900B399BA /* BALI-FORD-rules.json */; };
		14F2A6922A2E7B0A00B399BA /* BOGOTA-LINCOLN-rules.json in Resources */ = {isa = PBXBuildFile; fileRef = 14F2A64F2A2E7B0900B399BA /* BOGOTA-LINCOLN-rules.json */; };
		14F2A6932A2E7B0A00B399BA /* ALGIERS-FORD-rules.json in Resources */ = {isa = PBXBuildFile; fileRef = 14F2A6502A2E7B0900B399BA /* ALGIERS-FORD-rules.json */; };
		14F2A6942A2E7B0A00B399BA /* BOGOTA-DODGE-rules.json in Resources */ = {isa = PBXBuildFile; fileRef = 14F2A6512A2E7B0900B399BA /* BOGOTA-DODGE-rules.json */; };
		14F2A6952A2E7B0A00B399BA /* LOS_ANGELES-FORD-rules.json in Resources */ = {isa = PBXBuildFile; fileRef = 14F2A6522A2E7B0900B399BA /* LOS_ANGELES-FORD-rules.json */; };
		14F2A6962A2E7B0A00B399BA /* BOGOTA-RAM-rules.json in Resources */ = {isa = PBXBuildFile; fileRef = 14F2A6532A2E7B0900B399BA /* BOGOTA-RAM-rules.json */; };
		14F2A6972A2E7B0A00B399BA /* BOGOTA-MCLAREN.json in Resources */ = {isa = PBXBuildFile; fileRef = 14F2A6542A2E7B0900B399BA /* BOGOTA-MCLAREN.json */; };
		14F2A6982A2E7B0A00B399BA /* SEATTLE-FORD-rules.json in Resources */ = {isa = PBXBuildFile; fileRef = 14F2A6552A2E7B0900B399BA /* SEATTLE-FORD-rules.json */; };
		14F2A6992A2E7B0A00B399BA /* ALGIERS-PEUGEOT.json in Resources */ = {isa = PBXBuildFile; fileRef = 14F2A6562A2E7B0900B399BA /* ALGIERS-PEUGEOT.json */; };
		14F2A69A2A2E7B0A00B399BA /* SEATTLE-PLANE-rules.json in Resources */ = {isa = PBXBuildFile; fileRef = 14F2A6572A2E7B0900B399BA /* SEATTLE-PLANE-rules.json */; };
		14F2A69B2A2E7B0A00B399BA /* BOGOTA-AVENTI.json in Resources */ = {isa = PBXBuildFile; fileRef = 14F2A6582A2E7B0900B399BA /* BOGOTA-AVENTI.json */; };
		14F2A69C2A2E7B0A00B399BA /* BOGOTA-DELOREAN-rules.json in Resources */ = {isa = PBXBuildFile; fileRef = 14F2A6592A2E7B0900B399BA /* BOGOTA-DELOREAN-rules.json */; };
		14F2A69D2A2E7B0A00B399BA /* BOGOTA-DODGE.json in Resources */ = {isa = PBXBuildFile; fileRef = 14F2A65A2A2E7B0A00B399BA /* BOGOTA-DODGE.json */; };
		14F2A69E2A2E7B0A00B399BA /* BOGOTA-VECTOR.json in Resources */ = {isa = PBXBuildFile; fileRef = 14F2A65B2A2E7B0A00B399BA /* BOGOTA-VECTOR.json */; };
		14F2A69F2A2E7B0A00B399BA /* SEATTLE-PLANE.json in Resources */ = {isa = PBXBuildFile; fileRef = 14F2A65C2A2E7B0A00B399BA /* SEATTLE-PLANE.json */; };
		14F2A6A02A2E7B0A00B399BA /* ALGIERS-SIMCA-rules.json in Resources */ = {isa = PBXBuildFile; fileRef = 14F2A65D2A2E7B0A00B399BA /* ALGIERS-SIMCA-rules.json */; };
		14F2A6A12A2E7B0A00B399BA /* BOGOTA-ROUSH.json in Resources */ = {isa = PBXBuildFile; fileRef = 14F2A65E2A2E7B0A00B399BA /* BOGOTA-ROUSH.json */; };
		14F2A6A22A2E7B0A00B399BA /* GENEVA-FORD.json in Resources */ = {isa = PBXBuildFile; fileRef = 14F2A65F2A2E7B0A00B399BA /* GENEVA-FORD.json */; };
		14F2A6A32A2E7B0A00B399BA /* LOS_ANGELES-SIMCA.json in Resources */ = {isa = PBXBuildFile; fileRef = 14F2A6602A2E7B0A00B399BA /* LOS_ANGELES-SIMCA.json */; };
		14F2A6A42A2E7B0A00B399BA /* BALI-PEUGEOT.json in Resources */ = {isa = PBXBuildFile; fileRef = 14F2A6612A2E7B0A00B399BA /* BALI-PEUGEOT.json */; };
		14F2A6A52A2E7B0A00B399BA /* BOGOTA-AVENTI-rules.json in Resources */ = {isa = PBXBuildFile; fileRef = 14F2A6622A2E7B0A00B399BA /* BOGOTA-AVENTI-rules.json */; };
		14F2A6A62A2E7B0A00B399BA /* PARIS-FOX.json in Resources */ = {isa = PBXBuildFile; fileRef = 14F2A6632A2E7B0A00B399BA /* PARIS-FOX.json */; };
		14F2A6A72A2E7B0A00B399BA /* BERLIN-FORD.json in Resources */ = {isa = PBXBuildFile; fileRef = 14F2A6642A2E7B0A00B399BA /* BERLIN-FORD.json */; };
		14F2A6A82A2E7B0A00B399BA /* LOS_ANGELES-PEUGEOT-rules.json in Resources */ = {isa = PBXBuildFile; fileRef = 14F2A6652A2E7B0A00B399BA /* LOS_ANGELES-PEUGEOT-rules.json */; };
		14F2A6A92A2E7B0A00B399BA /* GENEVA-PLANE-rules.json in Resources */ = {isa = PBXBuildFile; fileRef = 14F2A6662A2E7B0A00B399BA /* GENEVA-PLANE-rules.json */; };
		14F2A6AA2A2E7B0A00B399BA /* PARIS-FOX-rules.json in Resources */ = {isa = PBXBuildFile; fileRef = 14F2A6672A2E7B0A00B399BA /* PARIS-FOX-rules.json */; };
		14F2A6AB2A2E7B0A00B399BA /* BOGOTA-AUSTIN.json in Resources */ = {isa = PBXBuildFile; fileRef = 14F2A6682A2E7B0A00B399BA /* BOGOTA-AUSTIN.json */; };
		14F2A6AC2A2E7B0A00B399BA /* BALI-PLANE.json in Resources */ = {isa = PBXBuildFile; fileRef = 14F2A6692A2E7B0A00B399BA /* BALI-PLANE.json */; };
		14F2A6AD2A2E7B0A00B399BA /* ALGIERS-PEUGEOT-rules.json in Resources */ = {isa = PBXBuildFile; fileRef = 14F2A66A2A2E7B0A00B399BA /* ALGIERS-PEUGEOT-rules.json */; };
		14F2A6AE2A2E7B0A00B399BA /* BALI-PEUGEOT-rules.json in Resources */ = {isa = PBXBuildFile; fileRef = 14F2A66B2A2E7B0A00B399BA /* BALI-PEUGEOT-rules.json */; };
		14F2A6B02A2E7B0A00B399BA /* ALGIERS-SIMCA.json in Resources */ = {isa = PBXBuildFile; fileRef = 14F2A66D2A2E7B0A00B399BA /* ALGIERS-SIMCA.json */; };
		14F2A6B12A2E7B0A00B399BA /* BOGOTA-DELOREAN.json in Resources */ = {isa = PBXBuildFile; fileRef = 14F2A66E2A2E7B0A00B399BA /* BOGOTA-DELOREAN.json */; };
		14F2A6B22A2E7B0A00B399BA /* PARIS-BUTTERFLY-rules.json in Resources */ = {isa = PBXBuildFile; fileRef = 14F2A66F2A2E7B0A00B399BA /* PARIS-BUTTERFLY-rules.json */; };
		14F2A6B32A2E7B0A00B399BA /* BOGOTA-RAM.json in Resources */ = {isa = PBXBuildFile; fileRef = 14F2A6702A2E7B0A00B399BA /* BOGOTA-RAM.json */; };
		14F2A6B42A2E7B0A00B399BA /* BOGOTA-AUSTIN-rules.json in Resources */ = {isa = PBXBuildFile; fileRef = 14F2A6712A2E7B0A00B399BA /* BOGOTA-AUSTIN-rules.json */; };
		14F2A6B52A2E7B0A00B399BA /* LOS_ANGELES-PEUGEOT.json in Resources */ = {isa = PBXBuildFile; fileRef = 14F2A6722A2E7B0A00B399BA /* LOS_ANGELES-PEUGEOT.json */; };
		14F2A6B62A2E7B0A00B399BA /* BERLIN-PEUGEOT.json in Resources */ = {isa = PBXBuildFile; fileRef = 14F2A6732A2E7B0A00B399BA /* BERLIN-PEUGEOT.json */; };
		14F2A6B72A2E7B0A00B399BA /* ALGIERS-PLANE.json in Resources */ = {isa = PBXBuildFile; fileRef = 14F2A6742A2E7B0A00B399BA /* ALGIERS-PLANE.json */; };
		14F2A6B82A2E7B0A00B399BA /* BERLIN-PLANE-rules.json in Resources */ = {isa = PBXBuildFile; fileRef = 14F2A6752A2E7B0A00B399BA /* BERLIN-PLANE-rules.json */; };
		14F2A6B92A2E7B0A00B399BA /* BOGOTA-ROUSH-rules.json in Resources */ = {isa = PBXBuildFile; fileRef = 14F2A6762A2E7B0A00B399BA /* BOGOTA-ROUSH-rules.json */; };
		14F2A6BA2A2E7B0A00B399BA /* BERLIN-PLANE.json in Resources */ = {isa = PBXBuildFile; fileRef = 14F2A6772A2E7B0A00B399BA /* BERLIN-PLANE.json */; };
		14F2A6BB2A2E7B0A00B399BA /* LOS_ANGELES-SIMCA-rules.json in Resources */ = {isa = PBXBuildFile; fileRef = 14F2A6782A2E7B0A00B399BA /* LOS_ANGELES-SIMCA-rules.json */; };
		2152FB042600AC8F00CF470E /* iOSApp.swift in Sources */ = {isa = PBXBuildFile; fileRef = 2152FB032600AC8F00CF470E /* iOSApp.swift */; };
		7555FF83242A565900829871 /* ContentView.swift in Sources */ = {isa = PBXBuildFile; fileRef = 7555FF82242A565900829871 /* ContentView.swift */; };
		A0A84CF03FCD63138EE93345 /* Pods_iosApp.framework in Frameworks */ = {isa = PBXBuildFile; fileRef = 10CB31805C1B2A9A82067F13 /* Pods_iosApp.framework */; };
/* End PBXBuildFile section */

/* Begin PBXFileReference section */
		058557BA273AAA24004C7B11 /* Assets.xcassets */ = {isa = PBXFileReference; lastKnownFileType = folder.assetcatalog; path = Assets.xcassets; sourceTree = "<group>"; };
		058557D8273AAEEB004C7B11 /* Preview Assets.xcassets */ = {isa = PBXFileReference; lastKnownFileType = folder.assetcatalog; path = "Preview Assets.xcassets"; sourceTree = "<group>"; };
		10CB31805C1B2A9A82067F13 /* Pods_iosApp.framework */ = {isa = PBXFileReference; explicitFileType = wrapper.framework; includeInIndex = 0; path = Pods_iosApp.framework; sourceTree = BUILT_PRODUCTS_DIR; };
		140BE23A2A1B5F1B006DC643 /* Lato-Bold.ttf */ = {isa = PBXFileReference; lastKnownFileType = file; path = "Lato-Bold.ttf"; sourceTree = "<group>"; };
		140BE23B2A1B5F1B006DC643 /* Lato-Regular.ttf */ = {isa = PBXFileReference; lastKnownFileType = file; path = "Lato-Regular.ttf"; sourceTree = "<group>"; };
		1414917029D5CB0300E05FAF /* AnimationTransformerView.swift */ = {isa = PBXFileReference; lastKnownFileType = sourcecode.swift; path = AnimationTransformerView.swift; sourceTree = "<group>"; };
		1414917229D5CB0900E05FAF /* ExpressionView.swift */ = {isa = PBXFileReference; lastKnownFileType = sourcecode.swift; path = ExpressionView.swift; sourceTree = "<group>"; };
		14E32E132A0E738700241750 /* FunctionsDelegateNative.swift */ = {isa = PBXFileReference; lastKnownFileType = sourcecode.swift; path = FunctionsDelegateNative.swift; sourceTree = "<group>"; };
		14E59B7E2A04F64F00B83531 /* FontTransformerView.swift */ = {isa = PBXFileReference; lastKnownFileType = sourcecode.swift; path = FontTransformerView.swift; sourceTree = "<group>"; };
		14F2A6362A2E7B0900B399BA /* PARIS-OWL-rules.json */ = {isa = PBXFileReference; fileEncoding = 4; lastKnownFileType = text.json; name = "PARIS-OWL-rules.json"; path = "../../../../shared/src/commonTest/resources/animations/PARIS-OWL-rules.json"; sourceTree = "<group>"; };
		14F2A6372A2E7B0900B399BA /* PARIS-BUTTERFLY.json */ = {isa = PBXFileReference; fileEncoding = 4; lastKnownFileType = text.json; name = "PARIS-BUTTERFLY.json"; path = "../../../../shared/src/commonTest/resources/animations/PARIS-BUTTERFLY.json"; sourceTree = "<group>"; };
		14F2A6382A2E7B0900B399BA /* ALGIERS-FORD.json */ = {isa = PBXFileReference; fileEncoding = 4; lastKnownFileType = text.json; name = "ALGIERS-FORD.json"; path = "../../../../shared/src/commonTest/resources/animations/ALGIERS-FORD.json"; sourceTree = "<group>"; };
		14F2A6392A2E7B0900B399BA /* BOGOTA-TOYOTA.json */ = {isa = PBXFileReference; fileEncoding = 4; lastKnownFileType = text.json; name = "BOGOTA-TOYOTA.json"; path = "../../../../shared/src/commonTest/resources/animations/BOGOTA-TOYOTA.json"; sourceTree = "<group>"; };
		14F2A63A2A2E7B0900B399BA /* ALGIERS-PLANE-rules.json */ = {isa = PBXFileReference; fileEncoding = 4; lastKnownFileType = text.json; name = "ALGIERS-PLANE-rules.json"; path = "../../../../shared/src/commonTest/resources/animations/ALGIERS-PLANE-rules.json"; sourceTree = "<group>"; };
		14F2A63B2A2E7B0900B399BA /* LOS_ANGELES-PLANE.json */ = {isa = PBXFileReference; fileEncoding = 4; lastKnownFileType = text.json; name = "LOS_ANGELES-PLANE.json"; path = "../../../../shared/src/commonTest/resources/animations/LOS_ANGELES-PLANE.json"; sourceTree = "<group>"; };
		14F2A63C2A2E7B0900B399BA /* SEATTLE-PEUGEOT-rules.json */ = {isa = PBXFileReference; fileEncoding = 4; lastKnownFileType = text.json; name = "SEATTLE-PEUGEOT-rules.json"; path = "../../../../shared/src/commonTest/resources/animations/SEATTLE-PEUGEOT-rules.json"; sourceTree = "<group>"; };
		14F2A63D2A2E7B0900B399BA /* BOGOTA-LINCOLN.json */ = {isa = PBXFileReference; fileEncoding = 4; lastKnownFileType = text.json; name = "BOGOTA-LINCOLN.json"; path = "../../../../shared/src/commonTest/resources/animations/BOGOTA-LINCOLN.json"; sourceTree = "<group>"; };
		14F2A63E2A2E7B0900B399BA /* PARIS-OWL.json */ = {isa = PBXFileReference; fileEncoding = 4; lastKnownFileType = text.json; name = "PARIS-OWL.json"; path = "../../../../shared/src/commonTest/resources/animations/PARIS-OWL.json"; sourceTree = "<group>"; };
		14F2A63F2A2E7B0900B399BA /* GENEVA-FORD-rules.json */ = {isa = PBXFileReference; fileEncoding = 4; lastKnownFileType = text.json; name = "GENEVA-FORD-rules.json"; path = "../../../../shared/src/commonTest/resources/animations/GENEVA-FORD-rules.json"; sourceTree = "<group>"; };
		14F2A6402A2E7B0900B399BA /* GENEVA-PEUGEOT.json */ = {isa = PBXFileReference; fileEncoding = 4; lastKnownFileType = text.json; name = "GENEVA-PEUGEOT.json"; path = "../../../../shared/src/commonTest/resources/animations/GENEVA-PEUGEOT.json"; sourceTree = "<group>"; };
		14F2A6412A2E7B0900B399BA /* BOGOTA-MCLAREN-rules.json */ = {isa = PBXFileReference; fileEncoding = 4; lastKnownFileType = text.json; name = "BOGOTA-MCLAREN-rules.json"; path = "../../../../shared/src/commonTest/resources/animations/BOGOTA-MCLAREN-rules.json"; sourceTree = "<group>"; };
		14F2A6422A2E7B0900B399BA /* BALI-FORD.json */ = {isa = PBXFileReference; fileEncoding = 4; lastKnownFileType = text.json; name = "BALI-FORD.json"; path = "../../../../shared/src/commonTest/resources/animations/BALI-FORD.json"; sourceTree = "<group>"; };
		14F2A6432A2E7B0900B399BA /* BOGOTA-VECTOR-rules.json */ = {isa = PBXFileReference; fileEncoding = 4; lastKnownFileType = text.json; name = "BOGOTA-VECTOR-rules.json"; path = "../../../../shared/src/commonTest/resources/animations/BOGOTA-VECTOR-rules.json"; sourceTree = "<group>"; };
		14F2A6442A2E7B0900B399BA /* BALI-PLANE-rules.json */ = {isa = PBXFileReference; fileEncoding = 4; lastKnownFileType = text.json; name = "BALI-PLANE-rules.json"; path = "../../../../shared/src/commonTest/resources/animations/BALI-PLANE-rules.json"; sourceTree = "<group>"; };
		14F2A6452A2E7B0900B399BA /* BOGOTA-TOYOTA-rules.json */ = {isa = PBXFileReference; fileEncoding = 4; lastKnownFileType = text.json; name = "BOGOTA-TOYOTA-rules.json"; path = "../../../../shared/src/commonTest/resources/animations/BOGOTA-TOYOTA-rules.json"; sourceTree = "<group>"; };
		14F2A6462A2E7B0900B399BA /* LOS_ANGELES-FORD.json */ = {isa = PBXFileReference; fileEncoding = 4; lastKnownFileType = text.json; name = "LOS_ANGELES-FORD.json"; path = "../../../../shared/src/commonTest/resources/animations/LOS_ANGELES-FORD.json"; sourceTree = "<group>"; };
		14F2A6472A2E7B0900B399BA /* LOS_ANGELES-PLANE-rules.json */ = {isa = PBXFileReference; fileEncoding = 4; lastKnownFileType = text.json; name = "LOS_ANGELES-PLANE-rules.json"; path = "../../../../shared/src/commonTest/resources/animations/LOS_ANGELES-PLANE-rules.json"; sourceTree = "<group>"; };
		14F2A6482A2E7B0900B399BA /* BERLIN-FORD-rules.json */ = {isa = PBXFileReference; fileEncoding = 4; lastKnownFileType = text.json; name = "BERLIN-FORD-rules.json"; path = "../../../../shared/src/commonTest/resources/animations/BERLIN-FORD-rules.json"; sourceTree = "<group>"; };
		14F2A6492A2E7B0900B399BA /* SEATTLE-FORD.json */ = {isa = PBXFileReference; fileEncoding = 4; lastKnownFileType = text.json; name = "SEATTLE-FORD.json"; path = "../../../../shared/src/commonTest/resources/animations/SEATTLE-FORD.json"; sourceTree = "<group>"; };
		14F2A64A2A2E7B0900B399BA /* GENEVA-PEUGEOT-rules.json */ = {isa = PBXFileReference; fileEncoding = 4; lastKnownFileType = text.json; name = "GENEVA-PEUGEOT-rules.json"; path = "../../../../shared/src/commonTest/resources/animations/GENEVA-PEUGEOT-rules.json"; sourceTree = "<group>"; };
		14F2A64B2A2E7B0900B399BA /* GENEVA-PLANE.json */ = {isa = PBXFileReference; fileEncoding = 4; lastKnownFileType = text.json; name = "GENEVA-PLANE.json"; path = "../../../../shared/src/commonTest/resources/animations/GENEVA-PLANE.json"; sourceTree = "<group>"; };
		14F2A64C2A2E7B0900B399BA /* BERLIN-PEUGEOT-rules.json */ = {isa = PBXFileReference; fileEncoding = 4; lastKnownFileType = text.json; name = "BERLIN-PEUGEOT-rules.json"; path = "../../../../shared/src/commonTest/resources/animations/BERLIN-PEUGEOT-rules.json"; sourceTree = "<group>"; };
		14F2A64D2A2E7B0900B399BA /* SEATTLE-PEUGEOT.json */ = {isa = PBXFileReference; fileEncoding = 4; lastKnownFileType = text.json; name = "SEATTLE-PEUGEOT.json"; path = "../../../../shared/src/commonTest/resources/animations/SEATTLE-PEUGEOT.json"; sourceTree = "<group>"; };
		14F2A64E2A2E7B0900B399BA /* BALI-FORD-rules.json */ = {isa = PBXFileReference; fileEncoding = 4; lastKnownFileType = text.json; name = "BALI-FORD-rules.json"; path = "../../../../shared/src/commonTest/resources/animations/BALI-FORD-rules.json"; sourceTree = "<group>"; };
		14F2A64F2A2E7B0900B399BA /* BOGOTA-LINCOLN-rules.json */ = {isa = PBXFileReference; fileEncoding = 4; lastKnownFileType = text.json; name = "BOGOTA-LINCOLN-rules.json"; path = "../../../../shared/src/commonTest/resources/animations/BOGOTA-LINCOLN-rules.json"; sourceTree = "<group>"; };
		14F2A6502A2E7B0900B399BA /* ALGIERS-FORD-rules.json */ = {isa = PBXFileReference; fileEncoding = 4; lastKnownFileType = text.json; name = "ALGIERS-FORD-rules.json"; path = "../../../../shared/src/commonTest/resources/animations/ALGIERS-FORD-rules.json"; sourceTree = "<group>"; };
		14F2A6512A2E7B0900B399BA /* BOGOTA-DODGE-rules.json */ = {isa = PBXFileReference; fileEncoding = 4; lastKnownFileType = text.json; name = "BOGOTA-DODGE-rules.json"; path = "../../../../shared/src/commonTest/resources/animations/BOGOTA-DODGE-rules.json"; sourceTree = "<group>"; };
		14F2A6522A2E7B0900B399BA /* LOS_ANGELES-FORD-rules.json */ = {isa = PBXFileReference; fileEncoding = 4; lastKnownFileType = text.json; name = "LOS_ANGELES-FORD-rules.json"; path = "../../../../shared/src/commonTest/resources/animations/LOS_ANGELES-FORD-rules.json"; sourceTree = "<group>"; };
		14F2A6532A2E7B0900B399BA /* BOGOTA-RAM-rules.json */ = {isa = PBXFileReference; fileEncoding = 4; lastKnownFileType = text.json; name = "BOGOTA-RAM-rules.json"; path = "../../../../shared/src/commonTest/resources/animations/BOGOTA-RAM-rules.json"; sourceTree = "<group>"; };
		14F2A6542A2E7B0900B399BA /* BOGOTA-MCLAREN.json */ = {isa = PBXFileReference; fileEncoding = 4; lastKnownFileType = text.json; name = "BOGOTA-MCLAREN.json"; path = "../../../../shared/src/commonTest/resources/animations/BOGOTA-MCLAREN.json"; sourceTree = "<group>"; };
		14F2A6552A2E7B0900B399BA /* SEATTLE-FORD-rules.json */ = {isa = PBXFileReference; fileEncoding = 4; lastKnownFileType = text.json; name = "SEATTLE-FORD-rules.json"; path = "../../../../shared/src/commonTest/resources/animations/SEATTLE-FORD-rules.json"; sourceTree = "<group>"; };
		14F2A6562A2E7B0900B399BA /* ALGIERS-PEUGEOT.json */ = {isa = PBXFileReference; fileEncoding = 4; lastKnownFileType = text.json; name = "ALGIERS-PEUGEOT.json"; path = "../../../../shared/src/commonTest/resources/animations/ALGIERS-PEUGEOT.json"; sourceTree = "<group>"; };
		14F2A6572A2E7B0900B399BA /* SEATTLE-PLANE-rules.json */ = {isa = PBXFileReference; fileEncoding = 4; lastKnownFileType = text.json; name = "SEATTLE-PLANE-rules.json"; path = "../../../../shared/src/commonTest/resources/animations/SEATTLE-PLANE-rules.json"; sourceTree = "<group>"; };
		14F2A6582A2E7B0900B399BA /* BOGOTA-AVENTI.json */ = {isa = PBXFileReference; fileEncoding = 4; lastKnownFileType = text.json; name = "BOGOTA-AVENTI.json"; path = "../../../../shared/src/commonTest/resources/animations/BOGOTA-AVENTI.json"; sourceTree = "<group>"; };
		14F2A6592A2E7B0900B399BA /* BOGOTA-DELOREAN-rules.json */ = {isa = PBXFileReference; fileEncoding = 4; lastKnownFileType = text.json; name = "BOGOTA-DELOREAN-rules.json"; path = "../../../../shared/src/commonTest/resources/animations/BOGOTA-DELOREAN-rules.json"; sourceTree = "<group>"; };
		14F2A65A2A2E7B0A00B399BA /* BOGOTA-DODGE.json */ = {isa = PBXFileReference; fileEncoding = 4; lastKnownFileType = text.json; name = "BOGOTA-DODGE.json"; path = "../../../../shared/src/commonTest/resources/animations/BOGOTA-DODGE.json"; sourceTree = "<group>"; };
		14F2A65B2A2E7B0A00B399BA /* BOGOTA-VECTOR.json */ = {isa = PBXFileReference; fileEncoding = 4; lastKnownFileType = text.json; name = "BOGOTA-VECTOR.json"; path = "../../../../shared/src/commonTest/resources/animations/BOGOTA-VECTOR.json"; sourceTree = "<group>"; };
		14F2A65C2A2E7B0A00B399BA /* SEATTLE-PLANE.json */ = {isa = PBXFileReference; fileEncoding = 4; lastKnownFileType = text.json; name = "SEATTLE-PLANE.json"; path = "../../../../shared/src/commonTest/resources/animations/SEATTLE-PLANE.json"; sourceTree = "<group>"; };
		14F2A65D2A2E7B0A00B399BA /* ALGIERS-SIMCA-rules.json */ = {isa = PBXFileReference; fileEncoding = 4; lastKnownFileType = text.json; name = "ALGIERS-SIMCA-rules.json"; path = "../../../../shared/src/commonTest/resources/animations/ALGIERS-SIMCA-rules.json"; sourceTree = "<group>"; };
		14F2A65E2A2E7B0A00B399BA /* BOGOTA-ROUSH.json */ = {isa = PBXFileReference; fileEncoding = 4; lastKnownFileType = text.json; name = "BOGOTA-ROUSH.json"; path = "../../../../shared/src/commonTest/resources/animations/BOGOTA-ROUSH.json"; sourceTree = "<group>"; };
		14F2A65F2A2E7B0A00B399BA /* GENEVA-FORD.json */ = {isa = PBXFileReference; fileEncoding = 4; lastKnownFileType = text.json; name = "GENEVA-FORD.json"; path = "../../../../shared/src/commonTest/resources/animations/GENEVA-FORD.json"; sourceTree = "<group>"; };
		14F2A6602A2E7B0A00B399BA /* LOS_ANGELES-SIMCA.json */ = {isa = PBXFileReference; fileEncoding = 4; lastKnownFileType = text.json; name = "LOS_ANGELES-SIMCA.json"; path = "../../../../shared/src/commonTest/resources/animations/LOS_ANGELES-SIMCA.json"; sourceTree = "<group>"; };
		14F2A6612A2E7B0A00B399BA /* BALI-PEUGEOT.json */ = {isa = PBXFileReference; fileEncoding = 4; lastKnownFileType = text.json; name = "BALI-PEUGEOT.json"; path = "../../../../shared/src/commonTest/resources/animations/BALI-PEUGEOT.json"; sourceTree = "<group>"; };
		14F2A6622A2E7B0A00B399BA /* BOGOTA-AVENTI-rules.json */ = {isa = PBXFileReference; fileEncoding = 4; lastKnownFileType = text.json; name = "BOGOTA-AVENTI-rules.json"; path = "../../../../shared/src/commonTest/resources/animations/BOGOTA-AVENTI-rules.json"; sourceTree = "<group>"; };
		14F2A6632A2E7B0A00B399BA /* PARIS-FOX.json */ = {isa = PBXFileReference; fileEncoding = 4; lastKnownFileType = text.json; name = "PARIS-FOX.json"; path = "../../../../shared/src/commonTest/resources/animations/PARIS-FOX.json"; sourceTree = "<group>"; };
		14F2A6642A2E7B0A00B399BA /* BERLIN-FORD.json */ = {isa = PBXFileReference; fileEncoding = 4; lastKnownFileType = text.json; name = "BERLIN-FORD.json"; path = "../../../../shared/src/commonTest/resources/animations/BERLIN-FORD.json"; sourceTree = "<group>"; };
		14F2A6652A2E7B0A00B399BA /* LOS_ANGELES-PEUGEOT-rules.json */ = {isa = PBXFileReference; fileEncoding = 4; lastKnownFileType = text.json; name = "LOS_ANGELES-PEUGEOT-rules.json"; path = "../../../../shared/src/commonTest/resources/animations/LOS_ANGELES-PEUGEOT-rules.json"; sourceTree = "<group>"; };
		14F2A6662A2E7B0A00B399BA /* GENEVA-PLANE-rules.json */ = {isa = PBXFileReference; fileEncoding = 4; lastKnownFileType = text.json; name = "GENEVA-PLANE-rules.json"; path = "../../../../shared/src/commonTest/resources/animations/GENEVA-PLANE-rules.json"; sourceTree = "<group>"; };
		14F2A6672A2E7B0A00B399BA /* PARIS-FOX-rules.json */ = {isa = PBXFileReference; fileEncoding = 4; lastKnownFileType = text.json; name = "PARIS-FOX-rules.json"; path = "../../../../shared/src/commonTest/resources/animations/PARIS-FOX-rules.json"; sourceTree = "<group>"; };
		14F2A6682A2E7B0A00B399BA /* BOGOTA-AUSTIN.json */ = {isa = PBXFileReference; fileEncoding = 4; lastKnownFileType = text.json; name = "BOGOTA-AUSTIN.json"; path = "../../../../shared/src/commonTest/resources/animations/BOGOTA-AUSTIN.json"; sourceTree = "<group>"; };
		14F2A6692A2E7B0A00B399BA /* BALI-PLANE.json */ = {isa = PBXFileReference; fileEncoding = 4; lastKnownFileType = text.json; name = "BALI-PLANE.json"; path = "../../../../shared/src/commonTest/resources/animations/BALI-PLANE.json"; sourceTree = "<group>"; };
		14F2A66A2A2E7B0A00B399BA /* ALGIERS-PEUGEOT-rules.json */ = {isa = PBXFileReference; fileEncoding = 4; lastKnownFileType = text.json; name = "ALGIERS-PEUGEOT-rules.json"; path = "../../../../shared/src/commonTest/resources/animations/ALGIERS-PEUGEOT-rules.json"; sourceTree = "<group>"; };
		14F2A66B2A2E7B0A00B399BA /* BALI-PEUGEOT-rules.json */ = {isa = PBXFileReference; fileEncoding = 4; lastKnownFileType = text.json; name = "BALI-PEUGEOT-rules.json"; path = "../../../../shared/src/commonTest/resources/animations/BALI-PEUGEOT-rules.json"; sourceTree = "<group>"; };
		14F2A66D2A2E7B0A00B399BA /* ALGIERS-SIMCA.json */ = {isa = PBXFileReference; fileEncoding = 4; lastKnownFileType = text.json; name = "ALGIERS-SIMCA.json"; path = "../../../../shared/src/commonTest/resources/animations/ALGIERS-SIMCA.json"; sourceTree = "<group>"; };
		14F2A66E2A2E7B0A00B399BA /* BOGOTA-DELOREAN.json */ = {isa = PBXFileReference; fileEncoding = 4; lastKnownFileType = text.json; name = "BOGOTA-DELOREAN.json"; path = "../../../../shared/src/commonTest/resources/animations/BOGOTA-DELOREAN.json"; sourceTree = "<group>"; };
		14F2A66F2A2E7B0A00B399BA /* PARIS-BUTTERFLY-rules.json */ = {isa = PBXFileReference; fileEncoding = 4; lastKnownFileType = text.json; name = "PARIS-BUTTERFLY-rules.json"; path = "../../../../shared/src/commonTest/resources/animations/PARIS-BUTTERFLY-rules.json"; sourceTree = "<group>"; };
		14F2A6702A2E7B0A00B399BA /* BOGOTA-RAM.json */ = {isa = PBXFileReference; fileEncoding = 4; lastKnownFileType = text.json; name = "BOGOTA-RAM.json"; path = "../../../../shared/src/commonTest/resources/animations/BOGOTA-RAM.json"; sourceTree = "<group>"; };
		14F2A6712A2E7B0A00B399BA /* BOGOTA-AUSTIN-rules.json */ = {isa = PBXFileReference; fileEncoding = 4; lastKnownFileType = text.json; name = "BOGOTA-AUSTIN-rules.json"; path = "../../../../shared/src/commonTest/resources/animations/BOGOTA-AUSTIN-rules.json"; sourceTree = "<group>"; };
		14F2A6722A2E7B0A00B399BA /* LOS_ANGELES-PEUGEOT.json */ = {isa = PBXFileReference; fileEncoding = 4; lastKnownFileType = text.json; name = "LOS_ANGELES-PEUGEOT.json"; path = "../../../../shared/src/commonTest/resources/animations/LOS_ANGELES-PEUGEOT.json"; sourceTree = "<group>"; };
		14F2A6732A2E7B0A00B399BA /* BERLIN-PEUGEOT.json */ = {isa = PBXFileReference; fileEncoding = 4; lastKnownFileType = text.json; name = "BERLIN-PEUGEOT.json"; path = "../../../../shared/src/commonTest/resources/animations/BERLIN-PEUGEOT.json"; sourceTree = "<group>"; };
		14F2A6742A2E7B0A00B399BA /* ALGIERS-PLANE.json */ = {isa = PBXFileReference; fileEncoding = 4; lastKnownFileType = text.json; name = "ALGIERS-PLANE.json"; path = "../../../../shared/src/commonTest/resources/animations/ALGIERS-PLANE.json"; sourceTree = "<group>"; };
		14F2A6752A2E7B0A00B399BA /* BERLIN-PLANE-rules.json */ = {isa = PBXFileReference; fileEncoding = 4; lastKnownFileType = text.json; name = "BERLIN-PLANE-rules.json"; path = "../../../../shared/src/commonTest/resources/animations/BERLIN-PLANE-rules.json"; sourceTree = "<group>"; };
		14F2A6762A2E7B0A00B399BA /* BOGOTA-ROUSH-rules.json */ = {isa = PBXFileReference; fileEncoding = 4; lastKnownFileType = text.json; name = "BOGOTA-ROUSH-rules.json"; path = "../../../../shared/src/commonTest/resources/animations/BOGOTA-ROUSH-rules.json"; sourceTree = "<group>"; };
		14F2A6772A2E7B0A00B399BA /* BERLIN-PLANE.json */ = {isa = PBXFileReference; fileEncoding = 4; lastKnownFileType = text.json; name = "BERLIN-PLANE.json"; path = "../../../../shared/src/commonTest/resources/animations/BERLIN-PLANE.json"; sourceTree = "<group>"; };
		14F2A6782A2E7B0A00B399BA /* LOS_ANGELES-SIMCA-rules.json */ = {isa = PBXFileReference; fileEncoding = 4; lastKnownFileType = text.json; name = "LOS_ANGELES-SIMCA-rules.json"; path = "../../../../shared/src/commonTest/resources/animations/LOS_ANGELES-SIMCA-rules.json"; sourceTree = "<group>"; };
		2152FB032600AC8F00CF470E /* iOSApp.swift */ = {isa = PBXFileReference; lastKnownFileType = sourcecode.swift; path = iOSApp.swift; sourceTree = "<group>"; };
		456E099BF47B9731BAC480D7 /* Pods-iosApp.debug.xcconfig */ = {isa = PBXFileReference; includeInIndex = 1; lastKnownFileType = text.xcconfig; name = "Pods-iosApp.debug.xcconfig"; path = "Target Support Files/Pods-iosApp/Pods-iosApp.debug.xcconfig"; sourceTree = "<group>"; };
		7555FF7B242A565900829871 /* iosApp.app */ = {isa = PBXFileReference; explicitFileType = wrapper.application; includeInIndex = 0; path = iosApp.app; sourceTree = BUILT_PRODUCTS_DIR; };
		7555FF82242A565900829871 /* ContentView.swift */ = {isa = PBXFileReference; lastKnownFileType = sourcecode.swift; path = ContentView.swift; sourceTree = "<group>"; };
		7555FF8C242A565B00829871 /* Info.plist */ = {isa = PBXFileReference; lastKnownFileType = text.plist.xml; path = Info.plist; sourceTree = "<group>"; };
		AB6618366981778BA023D56F /* Pods-iosApp.release.xcconfig */ = {isa = PBXFileReference; includeInIndex = 1; lastKnownFileType = text.xcconfig; name = "Pods-iosApp.release.xcconfig"; path = "Target Support Files/Pods-iosApp/Pods-iosApp.release.xcconfig"; sourceTree = "<group>"; };
/* End PBXFileReference section */

/* Begin PBXFrameworksBuildPhase section */
		2F7E34BA810BE5C787D9174E /* Frameworks */ = {
			isa = PBXFrameworksBuildPhase;
			buildActionMask = 2147483647;
			files = (
				A0A84CF03FCD63138EE93345 /* Pods_iosApp.framework in Frameworks */,
				14E59B822A04F7DB00B83531 /* Lottie in Frameworks */,
			);
			runOnlyForDeploymentPostprocessing = 0;
		};
/* End PBXFrameworksBuildPhase section */

/* Begin PBXGroup section */
		058557D7273AAEEB004C7B11 /* Preview Content */ = {
			isa = PBXGroup;
			children = (
				058557D8273AAEEB004C7B11 /* Preview Assets.xcassets */,
			);
			path = "Preview Content";
			sourceTree = "<group>";
		};
		0753EB38177212F0DC729E2F /* Frameworks */ = {
			isa = PBXGroup;
			children = (
				10CB31805C1B2A9A82067F13 /* Pods_iosApp.framework */,
			);
			name = Frameworks;
			sourceTree = "<group>";
		};
		140BE2382A1B5EFE006DC643 /* Resources */ = {
			isa = PBXGroup;
			children = (
				1468D9ED2A1F97D3002E3809 /* Animations */,
				140BE2392A1B5F09006DC643 /* Fonts */,
			);
			path = Resources;
			sourceTree = "<group>";
		};
		140BE2392A1B5F09006DC643 /* Fonts */ = {
			isa = PBXGroup;
			children = (
				140BE23A2A1B5F1B006DC643 /* Lato-Bold.ttf */,
				140BE23B2A1B5F1B006DC643 /* Lato-Regular.ttf */,
			);
			path = Fonts;
			sourceTree = "<group>";
		};
		1468D9ED2A1F97D3002E3809 /* Animations */ = {
			isa = PBXGroup;
			children = (
				14F2A6502A2E7B0900B399BA /* ALGIERS-FORD-rules.json */,
				14F2A6382A2E7B0900B399BA /* ALGIERS-FORD.json */,
				14F2A66A2A2E7B0A00B399BA /* ALGIERS-PEUGEOT-rules.json */,
				14F2A6562A2E7B0900B399BA /* ALGIERS-PEUGEOT.json */,
				14F2A63A2A2E7B0900B399BA /* ALGIERS-PLANE-rules.json */,
				14F2A6742A2E7B0A00B399BA /* ALGIERS-PLANE.json */,
				14F2A65D2A2E7B0A00B399BA /* ALGIERS-SIMCA-rules.json */,
				14F2A66D2A2E7B0A00B399BA /* ALGIERS-SIMCA.json */,
				14F2A64E2A2E7B0900B399BA /* BALI-FORD-rules.json */,
				14F2A6422A2E7B0900B399BA /* BALI-FORD.json */,
				14F2A66B2A2E7B0A00B399BA /* BALI-PEUGEOT-rules.json */,
				14F2A6612A2E7B0A00B399BA /* BALI-PEUGEOT.json */,
				14F2A6442A2E7B0900B399BA /* BALI-PLANE-rules.json */,
				14F2A6692A2E7B0A00B399BA /* BALI-PLANE.json */,
				14F2A6482A2E7B0900B399BA /* BERLIN-FORD-rules.json */,
				14F2A6642A2E7B0A00B399BA /* BERLIN-FORD.json */,
				14F2A64C2A2E7B0900B399BA /* BERLIN-PEUGEOT-rules.json */,
				14F2A6732A2E7B0A00B399BA /* BERLIN-PEUGEOT.json */,
				14F2A6752A2E7B0A00B399BA /* BERLIN-PLANE-rules.json */,
				14F2A6772A2E7B0A00B399BA /* BERLIN-PLANE.json */,
				14F2A6712A2E7B0A00B399BA /* BOGOTA-AUSTIN-rules.json */,
				14F2A6682A2E7B0A00B399BA /* BOGOTA-AUSTIN.json */,
				14F2A6622A2E7B0A00B399BA /* BOGOTA-AVENTI-rules.json */,
				14F2A6582A2E7B0900B399BA /* BOGOTA-AVENTI.json */,
				14F2A6592A2E7B0900B399BA /* BOGOTA-DELOREAN-rules.json */,
				14F2A66E2A2E7B0A00B399BA /* BOGOTA-DELOREAN.json */,
				14F2A6512A2E7B0900B399BA /* BOGOTA-DODGE-rules.json */,
				14F2A65A2A2E7B0A00B399BA /* BOGOTA-DODGE.json */,
				14F2A64F2A2E7B0900B399BA /* BOGOTA-LINCOLN-rules.json */,
				14F2A63D2A2E7B0900B399BA /* BOGOTA-LINCOLN.json */,
				14F2A6412A2E7B0900B399BA /* BOGOTA-MCLAREN-rules.json */,
				14F2A6542A2E7B0900B399BA /* BOGOTA-MCLAREN.json */,
				14F2A6532A2E7B0900B399BA /* BOGOTA-RAM-rules.json */,
				14F2A6702A2E7B0A00B399BA /* BOGOTA-RAM.json */,
				14F2A6762A2E7B0A00B399BA /* BOGOTA-ROUSH-rules.json */,
				14F2A65E2A2E7B0A00B399BA /* BOGOTA-ROUSH.json */,
				14F2A6452A2E7B0900B399BA /* BOGOTA-TOYOTA-rules.json */,
				14F2A6392A2E7B0900B399BA /* BOGOTA-TOYOTA.json */,
				14F2A6432A2E7B0900B399BA /* BOGOTA-VECTOR-rules.json */,
				14F2A65B2A2E7B0A00B399BA /* BOGOTA-VECTOR.json */,
				14F2A63F2A2E7B0900B399BA /* GENEVA-FORD-rules.json */,
				14F2A65F2A2E7B0A00B399BA /* GENEVA-FORD.json */,
				14F2A64A2A2E7B0900B399BA /* GENEVA-PEUGEOT-rules.json */,
				14F2A6402A2E7B0900B399BA /* GENEVA-PEUGEOT.json */,
				14F2A6662A2E7B0A00B399BA /* GENEVA-PLANE-rules.json */,
				14F2A64B2A2E7B0900B399BA /* GENEVA-PLANE.json */,
				14F2A6522A2E7B0900B399BA /* LOS_ANGELES-FORD-rules.json */,
				14F2A6462A2E7B0900B399BA /* LOS_ANGELES-FORD.json */,
				14F2A6652A2E7B0A00B399BA /* LOS_ANGELES-PEUGEOT-rules.json */,
				14F2A6722A2E7B0A00B399BA /* LOS_ANGELES-PEUGEOT.json */,
				14F2A6472A2E7B0900B399BA /* LOS_ANGELES-PLANE-rules.json */,
				14F2A63B2A2E7B0900B399BA /* LOS_ANGELES-PLANE.json */,
				14F2A6782A2E7B0A00B399BA /* LOS_ANGELES-SIMCA-rules.json */,
				14F2A6602A2E7B0A00B399BA /* LOS_ANGELES-SIMCA.json */,
				14F2A66F2A2E7B0A00B399BA /* PARIS-BUTTERFLY-rules.json */,
				14F2A6372A2E7B0900B399BA /* PARIS-BUTTERFLY.json */,
				14F2A6672A2E7B0A00B399BA /* PARIS-FOX-rules.json */,
				14F2A6632A2E7B0A00B399BA /* PARIS-FOX.json */,
				14F2A6362A2E7B0900B399BA /* PARIS-OWL-rules.json */,
				14F2A63E2A2E7B0900B399BA /* PARIS-OWL.json */,
				14F2A6552A2E7B0900B399BA /* SEATTLE-FORD-rules.json */,
				14F2A6492A2E7B0900B399BA /* SEATTLE-FORD.json */,
				14F2A63C2A2E7B0900B399BA /* SEATTLE-PEUGEOT-rules.json */,
				14F2A64D2A2E7B0900B399BA /* SEATTLE-PEUGEOT.json */,
				14F2A6572A2E7B0900B399BA /* SEATTLE-PLANE-rules.json */,
				14F2A65C2A2E7B0A00B399BA /* SEATTLE-PLANE.json */,
			);
			path = Animations;
			sourceTree = "<group>";
		};
		14E32E152A0E79C700241750 /* AnimationTransformer */ = {
			isa = PBXGroup;
			children = (
				14E59B7E2A04F64F00B83531 /* FontTransformerView.swift */,
				14E32E132A0E738700241750 /* FunctionsDelegateNative.swift */,
			);
			path = AnimationTransformer;
			sourceTree = "<group>";
		};
		164675662A83DBE93460FAD3 /* Pods */ = {
			isa = PBXGroup;
			children = (
				456E099BF47B9731BAC480D7 /* Pods-iosApp.debug.xcconfig */,
				AB6618366981778BA023D56F /* Pods-iosApp.release.xcconfig */,
			);
			path = Pods;
			sourceTree = "<group>";
		};
		7555FF72242A565900829871 = {
			isa = PBXGroup;
			children = (
				7555FF7D242A565900829871 /* iosApp */,
				7555FF7C242A565900829871 /* Products */,
				164675662A83DBE93460FAD3 /* Pods */,
				0753EB38177212F0DC729E2F /* Frameworks */,
			);
			sourceTree = "<group>";
		};
		7555FF7C242A565900829871 /* Products */ = {
			isa = PBXGroup;
			children = (
				7555FF7B242A565900829871 /* iosApp.app */,
			);
			name = Products;
			sourceTree = "<group>";
		};
		7555FF7D242A565900829871 /* iosApp */ = {
			isa = PBXGroup;
			children = (
				058557BA273AAA24004C7B11 /* Assets.xcassets */,
				7555FF82242A565900829871 /* ContentView.swift */,
				1414917029D5CB0300E05FAF /* AnimationTransformerView.swift */,
				1414917229D5CB0900E05FAF /* ExpressionView.swift */,
				14E32E152A0E79C700241750 /* AnimationTransformer */,
				7555FF8C242A565B00829871 /* Info.plist */,
				2152FB032600AC8F00CF470E /* iOSApp.swift */,
				140BE2382A1B5EFE006DC643 /* Resources */,
				058557D7273AAEEB004C7B11 /* Preview Content */,
			);
			path = iosApp;
			sourceTree = "<group>";
		};
/* End PBXGroup section */

/* Begin PBXNativeTarget section */
		7555FF7A242A565900829871 /* iosApp */ = {
			isa = PBXNativeTarget;
			buildConfigurationList = 7555FFA5242A565B00829871 /* Build configuration list for PBXNativeTarget "iosApp" */;
			buildPhases = (
				DB3D73E0E88BA408C2D9DA54 /* [CP] Check Pods Manifest.lock */,
				7555FF77242A565900829871 /* Sources */,
				7555FF79242A565900829871 /* Resources */,
				2F7E34BA810BE5C787D9174E /* Frameworks */,
				0C4F8E4230E70306332ACFD2 /* [CP] Embed Pods Frameworks */,
			);
			buildRules = (
			);
			dependencies = (
			);
			name = iosApp;
			packageProductDependencies = (
				14E59B812A04F7DB00B83531 /* Lottie */,
			);
			productName = iosApp;
			productReference = 7555FF7B242A565900829871 /* iosApp.app */;
			productType = "com.apple.product-type.application";
		};
/* End PBXNativeTarget section */

/* Begin PBXProject section */
		7555FF73242A565900829871 /* Project object */ = {
			isa = PBXProject;
			attributes = {
				LastSwiftUpdateCheck = 1130;
				LastUpgradeCheck = 1130;
				ORGANIZATIONNAME = orgName;
				TargetAttributes = {
					7555FF7A242A565900829871 = {
						CreatedOnToolsVersion = 11.3.1;
					};
				};
			};
			buildConfigurationList = 7555FF76242A565900829871 /* Build configuration list for PBXProject "iosApp" */;
			compatibilityVersion = "Xcode 9.3";
			developmentRegion = en;
			hasScannedForEncodings = 0;
			knownRegions = (
				en,
				Base,
			);
			mainGroup = 7555FF72242A565900829871;
			packageReferences = (
				14E59B802A04F7DB00B83531 /* XCRemoteSwiftPackageReference "lottie-ios" */,
			);
			productRefGroup = 7555FF7C242A565900829871 /* Products */;
			projectDirPath = "";
			projectRoot = "";
			targets = (
				7555FF7A242A565900829871 /* iosApp */,
			);
		};
/* End PBXProject section */

/* Begin PBXResourcesBuildPhase section */
		7555FF79242A565900829871 /* Resources */ = {
			isa = PBXResourcesBuildPhase;
			buildActionMask = 2147483647;
			files = (
				14F2A6AB2A2E7B0A00B399BA /* BOGOTA-AUSTIN.json in Resources */,
				14F2A68D2A2E7B0A00B399BA /* GENEVA-PEUGEOT-rules.json in Resources */,
				14F2A68F2A2E7B0A00B399BA /* BERLIN-PEUGEOT-rules.json in Resources */,
				14F2A6912A2E7B0A00B399BA /* BALI-FORD-rules.json in Resources */,
				14F2A6AA2A2E7B0A00B399BA /* PARIS-FOX-rules.json in Resources */,
				14F2A6B62A2E7B0A00B399BA /* BERLIN-PEUGEOT.json in Resources */,
				14F2A6BA2A2E7B0A00B399BA /* BERLIN-PLANE.json in Resources */,
				14F2A6942A2E7B0A00B399BA /* BOGOTA-DODGE-rules.json in Resources */,
				14F2A6A92A2E7B0A00B399BA /* GENEVA-PLANE-rules.json in Resources */,
				14F2A6962A2E7B0A00B399BA /* BOGOTA-RAM-rules.json in Resources */,
				14F2A6B32A2E7B0A00B399BA /* BOGOTA-RAM.json in Resources */,
				14F2A6982A2E7B0A00B399BA /* SEATTLE-FORD-rules.json in Resources */,
				14F2A6852A2E7B0A00B399BA /* BALI-FORD.json in Resources */,
				140BE23C2A1B5F1B006DC643 /* Lato-Bold.ttf in Resources */,
				14F2A6902A2E7B0A00B399BA /* SEATTLE-PEUGEOT.json in Resources */,
				14F2A6812A2E7B0A00B399BA /* PARIS-OWL.json in Resources */,
				14F2A68B2A2E7B0A00B399BA /* BERLIN-FORD-rules.json in Resources */,
				14F2A6952A2E7B0A00B399BA /* LOS_ANGELES-FORD-rules.json in Resources */,
				14F2A67B2A2E7B0A00B399BA /* ALGIERS-FORD.json in Resources */,
				14F2A6792A2E7B0A00B399BA /* PARIS-OWL-rules.json in Resources */,
				14F2A6842A2E7B0A00B399BA /* BOGOTA-MCLAREN-rules.json in Resources */,
				14F2A68E2A2E7B0A00B399BA /* GENEVA-PLANE.json in Resources */,
				14F2A6802A2E7B0A00B399BA /* BOGOTA-LINCOLN.json in Resources */,
				14F2A6B42A2E7B0A00B399BA /* BOGOTA-AUSTIN-rules.json in Resources */,
				14F2A69F2A2E7B0A00B399BA /* SEATTLE-PLANE.json in Resources */,
				14F2A67C2A2E7B0A00B399BA /* BOGOTA-TOYOTA.json in Resources */,
				14F2A6892A2E7B0A00B399BA /* LOS_ANGELES-FORD.json in Resources */,
				14F2A6932A2E7B0A00B399BA /* ALGIERS-FORD-rules.json in Resources */,
				14F2A6992A2E7B0A00B399BA /* ALGIERS-PEUGEOT.json in Resources */,
				14F2A69A2A2E7B0A00B399BA /* SEATTLE-PLANE-rules.json in Resources */,
				058557D9273AAEEB004C7B11 /* Preview Assets.xcassets in Resources */,
				14F2A6AE2A2E7B0A00B399BA /* BALI-PEUGEOT-rules.json in Resources */,
				14F2A6832A2E7B0A00B399BA /* GENEVA-PEUGEOT.json in Resources */,
				14F2A69E2A2E7B0A00B399BA /* BOGOTA-VECTOR.json in Resources */,
				14F2A6862A2E7B0A00B399BA /* BOGOTA-VECTOR-rules.json in Resources */,
				14F2A67E2A2E7B0A00B399BA /* LOS_ANGELES-PLANE.json in Resources */,
				14F2A6872A2E7B0A00B399BA /* BALI-PLANE-rules.json in Resources */,
				14F2A6B82A2E7B0A00B399BA /* BERLIN-PLANE-rules.json in Resources */,
				14F2A6B52A2E7B0A00B399BA /* LOS_ANGELES-PEUGEOT.json in Resources */,
				14F2A6822A2E7B0A00B399BA /* GENEVA-FORD-rules.json in Resources */,
				14F2A6922A2E7B0A00B399BA /* BOGOTA-LINCOLN-rules.json in Resources */,
				14F2A6A72A2E7B0A00B399BA /* BERLIN-FORD.json in Resources */,
				14F2A6A82A2E7B0A00B399BA /* LOS_ANGELES-PEUGEOT-rules.json in Resources */,
				14F2A6AC2A2E7B0A00B399BA /* BALI-PLANE.json in Resources */,
				14F2A69C2A2E7B0A00B399BA /* BOGOTA-DELOREAN-rules.json in Resources */,
				140BE23D2A1B5F1B006DC643 /* Lato-Regular.ttf in Resources */,
				058557BB273AAA24004C7B11 /* Assets.xcassets in Resources */,
				14F2A6A52A2E7B0A00B399BA /* BOGOTA-AVENTI-rules.json in Resources */,
				14F2A69D2A2E7B0A00B399BA /* BOGOTA-DODGE.json in Resources */,
				14F2A6B22A2E7B0A00B399BA /* PARIS-BUTTERFLY-rules.json in Resources */,
				14F2A68A2A2E7B0A00B399BA /* LOS_ANGELES-PLANE-rules.json in Resources */,
				14F2A68C2A2E7B0A00B399BA /* SEATTLE-FORD.json in Resources */,
				14F2A6BB2A2E7B0A00B399BA /* LOS_ANGELES-SIMCA-rules.json in Resources */,
				14F2A6972A2E7B0A00B399BA /* BOGOTA-MCLAREN.json in Resources */,
				14F2A6A62A2E7B0A00B399BA /* PARIS-FOX.json in Resources */,
				14F2A6A12A2E7B0A00B399BA /* BOGOTA-ROUSH.json in Resources */,
				14F2A6A42A2E7B0A00B399BA /* BALI-PEUGEOT.json in Resources */,
				14F2A6B72A2E7B0A00B399BA /* ALGIERS-PLANE.json in Resources */,
				14F2A6A32A2E7B0A00B399BA /* LOS_ANGELES-SIMCA.json in Resources */,
				14F2A6B02A2E7B0A00B399BA /* ALGIERS-SIMCA.json in Resources */,
				14F2A67A2A2E7B0A00B399BA /* PARIS-BUTTERFLY.json in Resources */,
				14F2A69B2A2E7B0A00B399BA /* BOGOTA-AVENTI.json in Resources */,
				14F2A6AD2A2E7B0A00B399BA /* ALGIERS-PEUGEOT-rules.json in Resources */,
				14F2A6882A2E7B0A00B399BA /* BOGOTA-TOYOTA-rules.json in Resources */,
				14F2A6A02A2E7B0A00B399BA /* ALGIERS-SIMCA-rules.json in Resources */,
				14F2A67F2A2E7B0A00B399BA /* SEATTLE-PEUGEOT-rules.json in Resources */,
				14F2A6A22A2E7B0A00B399BA /* GENEVA-FORD.json in Resources */,
				14F2A67D2A2E7B0A00B399BA /* ALGIERS-PLANE-rules.json in Resources */,
				14F2A6B92A2E7B0A00B399BA /* BOGOTA-ROUSH-rules.json in Resources */,
				14F2A6B12A2E7B0A00B399BA /* BOGOTA-DELOREAN.json in Resources */,
			);
			runOnlyForDeploymentPostprocessing = 0;
		};
/* End PBXResourcesBuildPhase section */

/* Begin PBXShellScriptBuildPhase section */
		0C4F8E4230E70306332ACFD2 /* [CP] Embed Pods Frameworks */ = {
			isa = PBXShellScriptBuildPhase;
			buildActionMask = 2147483647;
			files = (
			);
			inputFileListPaths = (
				"${PODS_ROOT}/Target Support Files/Pods-iosApp/Pods-iosApp-frameworks-${CONFIGURATION}-input-files.xcfilelist",
			);
			name = "[CP] Embed Pods Frameworks";
			outputFileListPaths = (
				"${PODS_ROOT}/Target Support Files/Pods-iosApp/Pods-iosApp-frameworks-${CONFIGURATION}-output-files.xcfilelist",
			);
			runOnlyForDeploymentPostprocessing = 0;
			shellPath = /bin/sh;
			shellScript = "\"${PODS_ROOT}/Target Support Files/Pods-iosApp/Pods-iosApp-frameworks.sh\"\n";
			showEnvVarsInLog = 0;
		};
		DB3D73E0E88BA408C2D9DA54 /* [CP] Check Pods Manifest.lock */ = {
			isa = PBXShellScriptBuildPhase;
			buildActionMask = 2147483647;
			files = (
			);
			inputFileListPaths = (
			);
			inputPaths = (
				"${PODS_PODFILE_DIR_PATH}/Podfile.lock",
				"${PODS_ROOT}/Manifest.lock",
			);
			name = "[CP] Check Pods Manifest.lock";
			outputFileListPaths = (
			);
			outputPaths = (
				"$(DERIVED_FILE_DIR)/Pods-iosApp-checkManifestLockResult.txt",
			);
			runOnlyForDeploymentPostprocessing = 0;
			shellPath = /bin/sh;
			shellScript = "diff \"${PODS_PODFILE_DIR_PATH}/Podfile.lock\" \"${PODS_ROOT}/Manifest.lock\" > /dev/null\nif [ $? != 0 ] ; then\n    # print error to STDERR\n    echo \"error: The sandbox is not in sync with the Podfile.lock. Run 'pod install' or update your CocoaPods installation.\" >&2\n    exit 1\nfi\n# This output is used by Xcode 'outputs' to avoid re-running this script phase.\necho \"SUCCESS\" > \"${SCRIPT_OUTPUT_FILE_0}\"\n";
			showEnvVarsInLog = 0;
		};
/* End PBXShellScriptBuildPhase section */

/* Begin PBXSourcesBuildPhase section */
		7555FF77242A565900829871 /* Sources */ = {
			isa = PBXSourcesBuildPhase;
			buildActionMask = 2147483647;
			files = (
				14E32E142A0E738800241750 /* FunctionsDelegateNative.swift in Sources */,
				2152FB042600AC8F00CF470E /* iOSApp.swift in Sources */,
				14E59B7F2A04F64F00B83531 /* FontTransformerView.swift in Sources */,
				7555FF83242A565900829871 /* ContentView.swift in Sources */,
				1414917329D5CB0900E05FAF /* ExpressionView.swift in Sources */,
				1414917129D5CB0300E05FAF /* AnimationTransformerView.swift in Sources */,
			);
			runOnlyForDeploymentPostprocessing = 0;
		};
/* End PBXSourcesBuildPhase section */

/* Begin XCBuildConfiguration section */
		7555FFA3242A565B00829871 /* Debug */ = {
			isa = XCBuildConfiguration;
			buildSettings = {
				ALWAYS_SEARCH_USER_PATHS = NO;
				CLANG_ANALYZER_NONNULL = YES;
				CLANG_ANALYZER_NUMBER_OBJECT_CONVERSION = YES_AGGRESSIVE;
				CLANG_CXX_LANGUAGE_STANDARD = "gnu++14";
				CLANG_CXX_LIBRARY = "libc++";
				CLANG_ENABLE_MODULES = YES;
				CLANG_ENABLE_OBJC_ARC = YES;
				CLANG_ENABLE_OBJC_WEAK = YES;
				CLANG_WARN_BLOCK_CAPTURE_AUTORELEASING = YES;
				CLANG_WARN_BOOL_CONVERSION = YES;
				CLANG_WARN_COMMA = YES;
				CLANG_WARN_CONSTANT_CONVERSION = YES;
				CLANG_WARN_DEPRECATED_OBJC_IMPLEMENTATIONS = YES;
				CLANG_WARN_DIRECT_OBJC_ISA_USAGE = YES_ERROR;
				CLANG_WARN_DOCUMENTATION_COMMENTS = YES;
				CLANG_WARN_EMPTY_BODY = YES;
				CLANG_WARN_ENUM_CONVERSION = YES;
				CLANG_WARN_INFINITE_RECURSION = YES;
				CLANG_WARN_INT_CONVERSION = YES;
				CLANG_WARN_NON_LITERAL_NULL_CONVERSION = YES;
				CLANG_WARN_OBJC_IMPLICIT_RETAIN_SELF = YES;
				CLANG_WARN_OBJC_LITERAL_CONVERSION = YES;
				CLANG_WARN_OBJC_ROOT_CLASS = YES_ERROR;
				CLANG_WARN_QUOTED_INCLUDE_IN_FRAMEWORK_HEADER = YES;
				CLANG_WARN_RANGE_LOOP_ANALYSIS = YES;
				CLANG_WARN_STRICT_PROTOTYPES = YES;
				CLANG_WARN_SUSPICIOUS_MOVE = YES;
				CLANG_WARN_UNGUARDED_AVAILABILITY = YES_AGGRESSIVE;
				CLANG_WARN_UNREACHABLE_CODE = YES;
				CLANG_WARN__DUPLICATE_METHOD_MATCH = YES;
				COPY_PHASE_STRIP = NO;
				DEBUG_INFORMATION_FORMAT = "dwarf-with-dsym";
				ENABLE_STRICT_OBJC_MSGSEND = YES;
				ENABLE_TESTABILITY = YES;
				GCC_C_LANGUAGE_STANDARD = gnu11;
				GCC_DYNAMIC_NO_PIC = NO;
				GCC_NO_COMMON_BLOCKS = YES;
				GCC_OPTIMIZATION_LEVEL = 0;
				GCC_PREPROCESSOR_DEFINITIONS = (
					"DEBUG=1",
					"$(inherited)",
				);
				GCC_WARN_64_TO_32_BIT_CONVERSION = YES;
				GCC_WARN_ABOUT_RETURN_TYPE = YES_ERROR;
				GCC_WARN_UNDECLARED_SELECTOR = YES;
				GCC_WARN_UNINITIALIZED_AUTOS = YES_AGGRESSIVE;
				GCC_WARN_UNUSED_FUNCTION = YES;
				GCC_WARN_UNUSED_VARIABLE = YES;
				IPHONEOS_DEPLOYMENT_TARGET = 14.1;
				MTL_ENABLE_DEBUG_INFO = INCLUDE_SOURCE;
				MTL_FAST_MATH = YES;
				ONLY_ACTIVE_ARCH = YES;
				SDKROOT = iphoneos;
				SWIFT_ACTIVE_COMPILATION_CONDITIONS = DEBUG;
				SWIFT_OPTIMIZATION_LEVEL = "-Onone";
			};
			name = Debug;
		};
		7555FFA4242A565B00829871 /* Release */ = {
			isa = XCBuildConfiguration;
			buildSettings = {
				ALWAYS_SEARCH_USER_PATHS = NO;
				CLANG_ANALYZER_NONNULL = YES;
				CLANG_ANALYZER_NUMBER_OBJECT_CONVERSION = YES_AGGRESSIVE;
				CLANG_CXX_LANGUAGE_STANDARD = "gnu++14";
				CLANG_CXX_LIBRARY = "libc++";
				CLANG_ENABLE_MODULES = YES;
				CLANG_ENABLE_OBJC_ARC = YES;
				CLANG_ENABLE_OBJC_WEAK = YES;
				CLANG_WARN_BLOCK_CAPTURE_AUTORELEASING = YES;
				CLANG_WARN_BOOL_CONVERSION = YES;
				CLANG_WARN_COMMA = YES;
				CLANG_WARN_CONSTANT_CONVERSION = YES;
				CLANG_WARN_DEPRECATED_OBJC_IMPLEMENTATIONS = YES;
				CLANG_WARN_DIRECT_OBJC_ISA_USAGE = YES_ERROR;
				CLANG_WARN_DOCUMENTATION_COMMENTS = YES;
				CLANG_WARN_EMPTY_BODY = YES;
				CLANG_WARN_ENUM_CONVERSION = YES;
				CLANG_WARN_INFINITE_RECURSION = YES;
				CLANG_WARN_INT_CONVERSION = YES;
				CLANG_WARN_NON_LITERAL_NULL_CONVERSION = YES;
				CLANG_WARN_OBJC_IMPLICIT_RETAIN_SELF = YES;
				CLANG_WARN_OBJC_LITERAL_CONVERSION = YES;
				CLANG_WARN_OBJC_ROOT_CLASS = YES_ERROR;
				CLANG_WARN_QUOTED_INCLUDE_IN_FRAMEWORK_HEADER = YES;
				CLANG_WARN_RANGE_LOOP_ANALYSIS = YES;
				CLANG_WARN_STRICT_PROTOTYPES = YES;
				CLANG_WARN_SUSPICIOUS_MOVE = YES;
				CLANG_WARN_UNGUARDED_AVAILABILITY = YES_AGGRESSIVE;
				CLANG_WARN_UNREACHABLE_CODE = YES;
				CLANG_WARN__DUPLICATE_METHOD_MATCH = YES;
				COPY_PHASE_STRIP = NO;
				DEBUG_INFORMATION_FORMAT = "dwarf-with-dsym";
				ENABLE_NS_ASSERTIONS = NO;
				ENABLE_STRICT_OBJC_MSGSEND = YES;
				GCC_C_LANGUAGE_STANDARD = gnu11;
				GCC_NO_COMMON_BLOCKS = YES;
				GCC_WARN_64_TO_32_BIT_CONVERSION = YES;
				GCC_WARN_ABOUT_RETURN_TYPE = YES_ERROR;
				GCC_WARN_UNDECLARED_SELECTOR = YES;
				GCC_WARN_UNINITIALIZED_AUTOS = YES_AGGRESSIVE;
				GCC_WARN_UNUSED_FUNCTION = YES;
				GCC_WARN_UNUSED_VARIABLE = YES;
				IPHONEOS_DEPLOYMENT_TARGET = 14.1;
				MTL_ENABLE_DEBUG_INFO = NO;
				MTL_FAST_MATH = YES;
				SDKROOT = iphoneos;
				SWIFT_COMPILATION_MODE = wholemodule;
				SWIFT_OPTIMIZATION_LEVEL = "-O";
				VALIDATE_PRODUCT = YES;
			};
			name = Release;
		};
		7555FFA6242A565B00829871 /* Debug */ = {
			isa = XCBuildConfiguration;
			baseConfigurationReference = 456E099BF47B9731BAC480D7 /* Pods-iosApp.debug.xcconfig */;
			buildSettings = {
				ASSETCATALOG_COMPILER_APPICON_NAME = AppIcon;
				CODE_SIGN_STYLE = Automatic;
				DEVELOPMENT_ASSET_PATHS = "\"iosApp/Preview Content\"";
				ENABLE_PREVIEWS = YES;
				INFOPLIST_FILE = iosApp/Info.plist;
				LD_RUNPATH_SEARCH_PATHS = (
					"$(inherited)",
					"@executable_path/Frameworks",
				);
				PRODUCT_BUNDLE_IDENTIFIER = orgIdentifier.iosApp;
				PRODUCT_NAME = "$(TARGET_NAME)";
				SWIFT_VERSION = 5.0;
				TARGETED_DEVICE_FAMILY = "1,2";
			};
			name = Debug;
		};
		7555FFA7242A565B00829871 /* Release */ = {
			isa = XCBuildConfiguration;
			baseConfigurationReference = AB6618366981778BA023D56F /* Pods-iosApp.release.xcconfig */;
			buildSettings = {
				ASSETCATALOG_COMPILER_APPICON_NAME = AppIcon;
				CODE_SIGN_STYLE = Automatic;
				DEVELOPMENT_ASSET_PATHS = "\"iosApp/Preview Content\"";
				ENABLE_PREVIEWS = YES;
				INFOPLIST_FILE = iosApp/Info.plist;
				LD_RUNPATH_SEARCH_PATHS = (
					"$(inherited)",
					"@executable_path/Frameworks",
				);
				PRODUCT_BUNDLE_IDENTIFIER = orgIdentifier.iosApp;
				PRODUCT_NAME = "$(TARGET_NAME)";
				SWIFT_VERSION = 5.0;
				TARGETED_DEVICE_FAMILY = "1,2";
			};
			name = Release;
		};
/* End XCBuildConfiguration section */

/* Begin XCConfigurationList section */
		7555FF76242A565900829871 /* Build configuration list for PBXProject "iosApp" */ = {
			isa = XCConfigurationList;
			buildConfigurations = (
				7555FFA3242A565B00829871 /* Debug */,
				7555FFA4242A565B00829871 /* Release */,
			);
			defaultConfigurationIsVisible = 0;
			defaultConfigurationName = Release;
		};
		7555FFA5242A565B00829871 /* Build configuration list for PBXNativeTarget "iosApp" */ = {
			isa = XCConfigurationList;
			buildConfigurations = (
				7555FFA6242A565B00829871 /* Debug */,
				7555FFA7242A565B00829871 /* Release */,
			);
			defaultConfigurationIsVisible = 0;
			defaultConfigurationName = Release;
		};
/* End XCConfigurationList section */

/* Begin XCRemoteSwiftPackageReference section */
		14E59B802A04F7DB00B83531 /* XCRemoteSwiftPackageReference "lottie-ios" */ = {
			isa = XCRemoteSwiftPackageReference;
			repositoryURL = "https://github.com/airbnb/lottie-ios.git";
			requirement = {
				branch = master;
				kind = branch;
			};
		};
/* End XCRemoteSwiftPackageReference section */

/* Begin XCSwiftPackageProductDependency section */
		14E59B812A04F7DB00B83531 /* Lottie */ = {
			isa = XCSwiftPackageProductDependency;
			package = 14E59B802A04F7DB00B83531 /* XCRemoteSwiftPackageReference "lottie-ios" */;
			productName = Lottie;
		};
/* End XCSwiftPackageProductDependency section */
	};
	rootObject = 7555FF73242A565900829871 /* Project object */;
}
